{
    "_readme": [
        "This file locks the dependencies of your project to a known state",
        "Read more about it at https://getcomposer.org/doc/01-basic-usage.md#installing-dependencies",
        "This file is @generated automatically"
    ],
    "content-hash": "be6ff7d3ed64c4482bde67ac7c0467a5",
    "packages": [
        {
            "name": "bitshost/upmvc",
            "version": "dev-feature/package-module-packs",
            "dist": {
                "type": "path",
                "url": "../upMVC",
                "reference": "afcd6c3bd8819566ead39833c4c0fbe0ebcda69f"
            },
            "require": {
                "gabordemooij/redbean": "^5.7",
                "php": ">=8.1",
                "phpmailer/phpmailer": "^6.9"
            },
            "require-dev": {
                "phpstan/phpstan": "^1.10",
                "phpunit/phpunit": "^11.0"
            },
            "type": "project",
            "autoload": {
                "psr-4": {
                    "App\\": "src/"
                }
            },
            "license": [
                "MIT"
            ],
            "authors": [
                {
                    "name": "Adrian D",
                    "email": "contact@delvirai.net",
                    "homepage": "https://upmvc.com",
                    "role": "Developer"
                }
            ],
            "description": "upMVC. Modular Model View Controller. A modular PHP MVC system with integrated routing for scalable and organized web applications. Built-in Namespace Support. Object-Oriented Programming (OOP).",
            "transport-options": {
                "symlink": true,
                "relative": true
            }
        },
        {
            "name": "bitshost/upmvc-saas-pack",
            "version": "dev-master",
            "dist": {
                "type": "path",
                "url": "../upMVC-SaaS-Pack",
                "reference": "d8e1ad9062442bc36fe23e09ecd19463b3b9b8ad"
            },
            "require": {
                "bitshost/upmvc": "^2.1",
                "php": ">=8.1",
                "phpmailer/phpmailer": "^6.9"
            },
            "require-dev": {
                "phpstan/phpstan": "^1.10",
                "phpunit/phpunit": "^11.0"
            },
            "type": "library",
            "autoload": {
                "psr-4": {
                    "App\\Modules\\": "src/Modules/",
                    "BitsHost\\UpmvcSaas\\": "src/Saas/"
                }
            },
            "license": [
                "MIT"
            ],
            "authors": [
                {
                    "name": "Adrian D",
                    "email": "contact@delvirai.net",
                    "homepage": "https://upmvc.com",
                    "role": "Developer"
                }
            ],
            "description": "Installable SaaS module pack for upMVC: tenants, JWT auth flows, plans, platform admin, and tenant web shells.",
            "homepage": "https://upmvc.com",
            "keywords": [
                "feature-flags",
                "jwt",
                "module-pack",
                "multi-tenant",
                "platform-admin",
                "saas",
                "tenant-management",
                "upmvc"
            ],
            "transport-options": {
                "symlink": true,
                "relative": true
            }
        },
        {
            "name": "gabordemooij/redbean",
            "version": "v5.7.6",
            "source": {
                "type": "git",
                "url": "https://github.com/gabordemooij/redbean.git",
                "reference": "5d678eba2d1e1ad203bc19c35b3c0d50b560a26c"
            },
            "dist": {
                "type": "zip",
                "url": "https://api.github.com/repos/gabordemooij/redbean/zipball/5d678eba2d1e1ad203bc19c35b3c0d50b560a26c",
                "reference": "5d678eba2d1e1ad203bc19c35b3c0d50b560a26c",
                "shasum": ""
            },
            "require": {
                "php": ">=5.3.4"
            },
            "type": "library",
            "autoload": {
                "files": [
                    "RedBeanPHP/Functions.php"
                ],
                "psr-4": {
                    "RedBeanPHP\\": "RedBeanPHP"
                }
            },
            "notification-url": "https://packagist.org/downloads/",
            "license": [
                "BSD-3-Clause"
            ],
            "authors": [
                {
                    "name": "Gabor de Mooij",
                    "email": "gabor@redbeanphp.com",
                    "homepage": "https://redbeanphp.com"
                }
            ],
            "description": "RedBeanPHP ORM",
            "homepage": "https://redbeanphp.com/",
            "keywords": [
                "orm"
            ],
            "support": {
                "issues": "https://github.com/gabordemooij/redbean/issues",
                "source": "https://github.com/gabordemooij/redbean/tree/v5.7.6"
            },
            "time": "2026-04-30T15:47:40+00:00"
        },
        {
            "name": "phpmailer/phpmailer",
            "version": "v6.12.0",
            "source": {
                "type": "git",
                "url": "https://github.com/PHPMailer/PHPMailer.git",
                "reference": "d1ac35d784bf9f5e61b424901d5a014967f15b12"
            },
            "dist": {
                "type": "zip",
                "url": "https://api.github.com/repos/PHPMailer/PHPMailer/zipball/d1ac35d784bf9f5e61b424901d5a014967f15b12",
                "reference": "d1ac35d784bf9f5e61b424901d5a014967f15b12",
                "shasum": ""
            },
            "require": {
                "ext-ctype": "*",
                "ext-filter": "*",
                "ext-hash": "*",
                "php": ">=5.5.0"
            },
            "require-dev": {
                "dealerdirect/phpcodesniffer-composer-installer": "^1.0",
                "doctrine/annotations": "^1.2.6 || ^1.13.3",
                "php-parallel-lint/php-console-highlighter": "^1.0.0",
                "php-parallel-lint/php-parallel-lint": "^1.3.2",
                "phpcompatibility/php-compatibility": "^9.3.5",
                "roave/security-advisories": "dev-latest",
                "squizlabs/php_codesniffer": "^3.7.2",
                "yoast/phpunit-polyfills": "^1.0.4"
            },
            "suggest": {
                "decomplexity/SendOauth2": "Adapter for using XOAUTH2 authentication",
                "ext-mbstring": "Needed to send email in multibyte encoding charset or decode encoded addresses",
                "ext-openssl": "Needed for secure SMTP sending and DKIM signing",
                "greew/oauth2-azure-provider": "Needed for Microsoft Azure XOAUTH2 authentication",
                "hayageek/oauth2-yahoo": "Needed for Yahoo XOAUTH2 authentication",
                "league/oauth2-google": "Needed for Google XOAUTH2 authentication",
                "psr/log": "For optional PSR-3 debug logging",
                "symfony/polyfill-mbstring": "To support UTF-8 if the Mbstring PHP extension is not enabled (^1.2)",
                "thenetworg/oauth2-azure": "Needed for Microsoft XOAUTH2 authentication"
            },
            "type": "library",
            "autoload": {
                "psr-4": {
                    "PHPMailer\\PHPMailer\\": "src/"
                }
            },
            "notification-url": "https://packagist.org/downloads/",
            "license": [
                "LGPL-2.1-only"
            ],
            "authors": [
                {
                    "name": "Marcus Bointon",
                    "email": "phpmailer@synchromedia.co.uk"
                },
                {
                    "name": "Jim Jagielski",
                    "email": "jimjag@gmail.com"
                },
                {
                    "name": "Andy Prevost",
                    "email": "codeworxtech@users.sourceforge.net"
                },
                {
                    "name": "Brent R. Matzelle"
                }
            ],
            "description": "PHPMailer is a full-featured email creation and transfer class for PHP",
            "support": {
                "issues": "https://github.com/PHPMailer/PHPMailer/issues",
                "source": "https://github.com/PHPMailer/PHPMailer/tree/v6.12.0"
            },
            "funding": [
                {
                    "url": "https://github.com/Synchro",
                    "type": "github"
                }
            ],
            "time": "2025-10-15T16:49:08+00:00"
        }
    ],
    "packages-dev": [],
    "aliases": [
        {
            "package": "bitshost/upmvc",
            "version": "dev-feature/package-module-packs",
            "alias": "2.1.0",
            "alias_normalized": "2.1.0.0"
        },
        {
            "package": "bitshost/upmvc-saas-pack",
            "version": "9999999-dev",
            "alias": "1.0.0",
            "alias_normalized": "1.0.0.0"
        }
    ],
    "minimum-stability": "dev",
    "stability-flags": {
        "bitshost/upmvc": 20,
        "bitshost/upmvc-saas-pack": 20
    },
    "prefer-stable": true,
    "prefer-lowest": false,
    "platform": {
        "php": ">=8.1"
    },
    "platform-dev": {},
    "plugin-api-version": "2.6.0"
}
